schema: '2.0'
stages:
  data_ingestion:
    cmd: python src/cnnClassifier/pipeline/stage_01_data_ingestion.py
    deps:
    - path: config/config.yaml
      hash: md5
      md5: 0eb908789948ba62e9163a291de1307c
      size: 795
    - path: src/cnnClassifier/pipeline/stage_01_data_ingestion.py
      hash: md5
      md5: 24f88b7f1aad0c873374681781901585
      size: 910
    outs:
    - path: artifacts/data_ingestion/Chicken-fecal-images
      hash: md5
      md5: 9e1f8dd2eae3c29e9d635df89d438ae4.dir
      size: 12207807
      nfiles: 390
  prepare_base_model:
    cmd: python src/cnnClassifier/pipeline/stage_02_prepare_base_model.py
    deps:
    - path: config/config.yaml
      hash: md5
      md5: 0eb908789948ba62e9163a291de1307c
      size: 795
    - path: src/cnnClassifier/pipeline/stage_02_prepare_base_model.py
      hash: md5
      md5: 6bbf3487b63a0935e888cfb10ffe5c5c
      size: 1001
    params:
      params.yaml:
        CLASSES: 2
        IMAGE_SIZE:
        - 224
        - 224
        - 3
        INCLUDE_TOP: false
        LEARNING_RATE: 0.01
        WEIGHTS: imagenet
    outs:
    - path: artifacts/prepare_base_model
      hash: md5
      md5: 528d42d9c9dddf88caa90d48d741139e.dir
      size: 118059248
      nfiles: 2
  training:
    cmd: python src/cnnClassifier/pipeline/stage_03_training.py
    deps:
    - path: artifacts/data_ingestion/Chicken-fecal-images
      hash: md5
      md5: 9e1f8dd2eae3c29e9d635df89d438ae4.dir
      size: 12207807
      nfiles: 390
    - path: artifacts/prepare_base_model
      hash: md5
      md5: 528d42d9c9dddf88caa90d48d741139e.dir
      size: 118059248
      nfiles: 2
    - path: config/config.yaml
      hash: md5
      md5: 0eb908789948ba62e9163a291de1307c
      size: 795
    - path: src/cnnClassifier/components/prepare_callbacks.py
      hash: md5
      md5: b92db71e87839ee8ddf60b4e3f9997be
      size: 956
    - path: src/cnnClassifier/pipeline/stage_03_training.py
      hash: md5
      md5: e282c6aa149ee05234fa987f22537d15
      size: 1266
    params:
      params.yaml:
        AUGMENTATION: true
        BATCH_SIZE: 16
        EPOCHS: 5
        IMAGE_SIZE:
        - 224
        - 224
        - 3
    outs:
    - path: artifacts/training/model.h5
      hash: md5
      md5: eca2e51b85d095186462babd3280de95
      size: 59340720
  evaluation:
    cmd: python src/cnnClassifier/pipeline/stage_04_evaluation.py
    deps:
    - path: artifacts/data_ingestion/Chicken-fecal-images
      hash: md5
      md5: 9e1f8dd2eae3c29e9d635df89d438ae4.dir
      size: 12207807
      nfiles: 390
    - path: artifacts/training/model.h5
      hash: md5
      md5: eca2e51b85d095186462babd3280de95
      size: 59340720
    - path: config/config.yaml
      hash: md5
      md5: 0eb908789948ba62e9163a291de1307c
      size: 795
    - path: src/cnnClassifier/pipeline/stage_04_evaluation.py
      hash: md5
      md5: 1032db26195ea6626c02093870c7d0bc
      size: 879
    params:
      params.yaml:
        BATCH_SIZE: 16
        IMAGE_SIZE:
        - 224
        - 224
        - 3
    outs:
    - path: scores.json
      hash: md5
      md5: 7489a74029f97a46f3ce0e14f7bd8265
      size: 72
